
Microsoft Visual Studio Solution File, Format Version 12.00
# Visual Studio Version 16
VisualStudioVersion = 16.0.30711.63
MinimumVisualStudioVersion = 10.0.40219.1
Project("{FAE04EC0-301F-11D3-BF4B-00C04F79EFBC}") = "tic tack toe-", "tic tack toe-\tic tack toe-.csproj", "{A2EBF80D-2365-40CF-A723-B7AAF1EADCE3}"
EndProject
Global
	GlobalSection(SolutionConfigurationPlatforms) = preSolution
		Debug|Any CPU = Debug|Any CPU
		Release|Any CPU = Release|Any CPU
	EndGlobalSection
	GlobalSection(ProjectConfigurationPlatforms) = postSolution
		{A2EBF80D-2365-40CF-A723-B7AAF1EADCE3}.Debug|Any CPU.ActiveCfg = Debug|Any CPU
		{A2EBF80D-2365-40CF-A723-B7AAF1EADCE3}.Debug|Any CPU.Build.0 = Debug|Any CPU
		{A2EBF80D-2365-40CF-A723-B7AAF1EADCE3}.Release|Any CPU.ActiveCfg = Release|Any CPU
		{A2EBF80D-2365-40CF-A723-B7AAF1EADCE3}.Release|Any CPU.Build.0 = Release|Any CPU
	EndGlobalSection
	GlobalSection(SolutionProperties) = preSolution
		HideSolutionNode = FALSE
	EndGlobalSection
	GlobalSection(ExtensibilityGlobals) = postSolution
		SolutionGuid = {1CDDF408-0BA2-418E-B522-793E8BDED0F5}
	EndGlobalSection
EndGlobal
